
Microsoft Visual Studio Solution File, Format Version 12.00
# Visual Studio Version 17
VisualStudioVersion = 17.11.35327.3
MinimumVisualStudioVersion = 10.0.40219.1
Project("{FAE04EC0-301F-11D3-BF4B-00C04F79EFBC}") = "IfElseAndSwitch", "IfElseAndSwitch\IfElseAndSwitch.csproj", "{9610A0C2-5290-4C37-986D-6477954EF9AD}"
EndProject
Project("{FAE04EC0-301F-11D3-BF4B-00C04F79EFBC}") = "Methods", "Methods\Methods.csproj", "{B0C8C34E-61F6-4569-A864-635380CCA651}"
EndProject
Project("{FAE04EC0-301F-11D3-BF4B-00C04F79EFBC}") = "Arrays", "Arrays\Arrays.csproj", "{0E03B0D6-1F84-4D64-B106-10E6D110C256}"
EndProject
Project("{FAE04EC0-301F-11D3-BF4B-00C04F79EFBC}") = "Loops", "Loops\Loops.csproj", "{D51AEC44-7E1A-48A1-9C35-8B7A6D604E63}"
EndProject
Project("{FAE04EC0-301F-11D3-BF4B-00C04F79EFBC}") = "StringMethods", "StringMethods\StringMethods.csproj", "{88C32071-1B53-4AF9-BA78-3F9E8D6C04B6}"
EndProject
Project("{FAE04EC0-301F-11D3-BF4B-00C04F79EFBC}") = "ReCapDemo1", "ReCapDemo1\ReCapDemo1.csproj", "{056F7A49-3643-4CB6-8A64-F67001F5919E}"
EndProject
Project("{FAE04EC0-301F-11D3-BF4B-00C04F79EFBC}") = "Classes", "Classes\Classes.csproj", "{29A2CB3C-FD26-47A5-A40F-715E5DFC89E0}"
EndProject
Project("{FAE04EC0-301F-11D3-BF4B-00C04F79EFBC}") = "Interface", "Interface\Interface.csproj", "{1F21445F-32C5-46EB-A5EE-DA52D0E801A1}"
EndProject
Project("{FAE04EC0-301F-11D3-BF4B-00C04F79EFBC}") = "Heredity", "Heredity\Heredity.csproj", "{6AE7DFE5-9326-40A4-9FA8-34BDD236BA67}"
EndProject
Project("{FAE04EC0-301F-11D3-BF4B-00C04F79EFBC}") = "AbstractClasses", "AbstractClasses\AbstractClasses.csproj", "{4FFAEC89-2128-49C1-9F3B-C666D5494426}"
EndProject
Project("{FAE04EC0-301F-11D3-BF4B-00C04F79EFBC}") = "ConstructiveBlocks", "ConstructiveBlocks\ConstructiveBlocks.csproj", "{63050BE6-4D40-4C06-B26E-D3434E7C9D2D}"
EndProject
Project("{FAE04EC0-301F-11D3-BF4B-00C04F79EFBC}") = "ValueAndReferenceType", "ValueAndReferenceType\ValueAndReferenceType.csproj", "{407F6A35-21B1-4C7B-9DE7-5B5915303B25}"
EndProject
Project("{FAE04EC0-301F-11D3-BF4B-00C04F79EFBC}") = "Collection", "Collection\Collection.csproj", "{1FE9561D-E48A-469E-B512-8CE4BBA67FD6}"
EndProject
Global
	GlobalSection(SolutionConfigurationPlatforms) = preSolution
		Debug|Any CPU = Debug|Any CPU
		Release|Any CPU = Release|Any CPU
	EndGlobalSection
	GlobalSection(ProjectConfigurationPlatforms) = postSolution
		{9610A0C2-5290-4C37-986D-6477954EF9AD}.Debug|Any CPU.ActiveCfg = Debug|Any CPU
		{9610A0C2-5290-4C37-986D-6477954EF9AD}.Debug|Any CPU.Build.0 = Debug|Any CPU
		{9610A0C2-5290-4C37-986D-6477954EF9AD}.Release|Any CPU.ActiveCfg = Release|Any CPU
		{9610A0C2-5290-4C37-986D-6477954EF9AD}.Release|Any CPU.Build.0 = Release|Any CPU
		{B0C8C34E-61F6-4569-A864-635380CCA651}.Debug|Any CPU.ActiveCfg = Debug|Any CPU
		{B0C8C34E-61F6-4569-A864-635380CCA651}.Debug|Any CPU.Build.0 = Debug|Any CPU
		{B0C8C34E-61F6-4569-A864-635380CCA651}.Release|Any CPU.ActiveCfg = Release|Any CPU
		{B0C8C34E-61F6-4569-A864-635380CCA651}.Release|Any CPU.Build.0 = Release|Any CPU
		{0E03B0D6-1F84-4D64-B106-10E6D110C256}.Debug|Any CPU.ActiveCfg = Debug|Any CPU
		{0E03B0D6-1F84-4D64-B106-10E6D110C256}.Debug|Any CPU.Build.0 = Debug|Any CPU
		{0E03B0D6-1F84-4D64-B106-10E6D110C256}.Release|Any CPU.ActiveCfg = Release|Any CPU
		{0E03B0D6-1F84-4D64-B106-10E6D110C256}.Release|Any CPU.Build.0 = Release|Any CPU
		{D51AEC44-7E1A-48A1-9C35-8B7A6D604E63}.Debug|Any CPU.ActiveCfg = Debug|Any CPU
		{D51AEC44-7E1A-48A1-9C35-8B7A6D604E63}.Debug|Any CPU.Build.0 = Debug|Any CPU
		{D51AEC44-7E1A-48A1-9C35-8B7A6D604E63}.Release|Any CPU.ActiveCfg = Release|Any CPU
		{D51AEC44-7E1A-48A1-9C35-8B7A6D604E63}.Release|Any CPU.Build.0 = Release|Any CPU
		{88C32071-1B53-4AF9-BA78-3F9E8D6C04B6}.Debug|Any CPU.ActiveCfg = Debug|Any CPU
		{88C32071-1B53-4AF9-BA78-3F9E8D6C04B6}.Debug|Any CPU.Build.0 = Debug|Any CPU
		{88C32071-1B53-4AF9-BA78-3F9E8D6C04B6}.Release|Any CPU.ActiveCfg = Release|Any CPU
		{88C32071-1B53-4AF9-BA78-3F9E8D6C04B6}.Release|Any CPU.Build.0 = Release|Any CPU
		{056F7A49-3643-4CB6-8A64-F67001F5919E}.Debug|Any CPU.ActiveCfg = Debug|Any CPU
		{056F7A49-3643-4CB6-8A64-F67001F5919E}.Debug|Any CPU.Build.0 = Debug|Any CPU
		{056F7A49-3643-4CB6-8A64-F67001F5919E}.Release|Any CPU.ActiveCfg = Release|Any CPU
		{056F7A49-3643-4CB6-8A64-F67001F5919E}.Release|Any CPU.Build.0 = Release|Any CPU
		{29A2CB3C-FD26-47A5-A40F-715E5DFC89E0}.Debug|Any CPU.ActiveCfg = Debug|Any CPU
		{29A2CB3C-FD26-47A5-A40F-715E5DFC89E0}.Debug|Any CPU.Build.0 = Debug|Any CPU
		{29A2CB3C-FD26-47A5-A40F-715E5DFC89E0}.Release|Any CPU.ActiveCfg = Release|Any CPU
		{29A2CB3C-FD26-47A5-A40F-715E5DFC89E0}.Release|Any CPU.Build.0 = Release|Any CPU
		{1F21445F-32C5-46EB-A5EE-DA52D0E801A1}.Debug|Any CPU.ActiveCfg = Debug|Any CPU
		{1F21445F-32C5-46EB-A5EE-DA52D0E801A1}.Debug|Any CPU.Build.0 = Debug|Any CPU
		{1F21445F-32C5-46EB-A5EE-DA52D0E801A1}.Release|Any CPU.ActiveCfg = Release|Any CPU
		{1F21445F-32C5-46EB-A5EE-DA52D0E801A1}.Release|Any CPU.Build.0 = Release|Any CPU
		{6AE7DFE5-9326-40A4-9FA8-34BDD236BA67}.Debug|Any CPU.ActiveCfg = Debug|Any CPU
		{6AE7DFE5-9326-40A4-9FA8-34BDD236BA67}.Debug|Any CPU.Build.0 = Debug|Any CPU
		{6AE7DFE5-9326-40A4-9FA8-34BDD236BA67}.Release|Any CPU.ActiveCfg = Release|Any CPU
		{6AE7DFE5-9326-40A4-9FA8-34BDD236BA67}.Release|Any CPU.Build.0 = Release|Any CPU
		{4FFAEC89-2128-49C1-9F3B-C666D5494426}.Debug|Any CPU.ActiveCfg = Debug|Any CPU
		{4FFAEC89-2128-49C1-9F3B-C666D5494426}.Debug|Any CPU.Build.0 = Debug|Any CPU
		{4FFAEC89-2128-49C1-9F3B-C666D5494426}.Release|Any CPU.ActiveCfg = Release|Any CPU
		{4FFAEC89-2128-49C1-9F3B-C666D5494426}.Release|Any CPU.Build.0 = Release|Any CPU
		{63050BE6-4D40-4C06-B26E-D3434E7C9D2D}.Debug|Any CPU.ActiveCfg = Debug|Any CPU
		{63050BE6-4D40-4C06-B26E-D3434E7C9D2D}.Debug|Any CPU.Build.0 = Debug|Any CPU
		{63050BE6-4D40-4C06-B26E-D3434E7C9D2D}.Release|Any CPU.ActiveCfg = Release|Any CPU
		{63050BE6-4D40-4C06-B26E-D3434E7C9D2D}.Release|Any CPU.Build.0 = Release|Any CPU
		{407F6A35-21B1-4C7B-9DE7-5B5915303B25}.Debug|Any CPU.ActiveCfg = Debug|Any CPU
		{407F6A35-21B1-4C7B-9DE7-5B5915303B25}.Debug|Any CPU.Build.0 = Debug|Any CPU
		{407F6A35-21B1-4C7B-9DE7-5B5915303B25}.Release|Any CPU.ActiveCfg = Release|Any CPU
		{407F6A35-21B1-4C7B-9DE7-5B5915303B25}.Release|Any CPU.Build.0 = Release|Any CPU
		{1FE9561D-E48A-469E-B512-8CE4BBA67FD6}.Debug|Any CPU.ActiveCfg = Debug|Any CPU
		{1FE9561D-E48A-469E-B512-8CE4BBA67FD6}.Debug|Any CPU.Build.0 = Debug|Any CPU
		{1FE9561D-E48A-469E-B512-8CE4BBA67FD6}.Release|Any CPU.ActiveCfg = Release|Any CPU
		{1FE9561D-E48A-469E-B512-8CE4BBA67FD6}.Release|Any CPU.Build.0 = Release|Any CPU
	EndGlobalSection
	GlobalSection(SolutionProperties) = preSolution
		HideSolutionNode = FALSE
	EndGlobalSection
	GlobalSection(ExtensibilityGlobals) = postSolution
		SolutionGuid = {B94BA844-2337-435D-819C-319882608573}
	EndGlobalSection
EndGlobal
